
Microsoft Visual Studio Solution File, Format Version 12.00
# Visual Studio Version 17
VisualStudioVersion = 17.1.32210.238
MinimumVisualStudioVersion = 10.0.40219.1
Project("{FAE04EC0-301F-11D3-BF4B-00C04F79EFBC}") = "PolicyBasedAuthentication", "PolicyBasedAuthentication.csproj", "{8F7FD97C-BCD4-49F8-9516-369CABC1EA7B}"
EndProject
Global
	GlobalSection(SolutionConfigurationPlatforms) = preSolution
		Debug|Any CPU = Debug|Any CPU
		Release|Any CPU = Release|Any CPU
	EndGlobalSection
	GlobalSection(ProjectConfigurationPlatforms) = postSolution
		{8F7FD97C-BCD4-49F8-9516-369CABC1EA7B}.Debug|Any CPU.ActiveCfg = Debug|Any CPU
		{8F7FD97C-BCD4-49F8-9516-369CABC1EA7B}.Debug|Any CPU.Build.0 = Debug|Any CPU
		{8F7FD97C-BCD4-49F8-9516-369CABC1EA7B}.Release|Any CPU.ActiveCfg = Release|Any CPU
		{8F7FD97C-BCD4-49F8-9516-369CABC1EA7B}.Release|Any CPU.Build.0 = Release|Any CPU
	EndGlobalSection
	GlobalSection(SolutionProperties) = preSolution
		HideSolutionNode = FALSE
	EndGlobalSection
	GlobalSection(ExtensibilityGlobals) = postSolution
		SolutionGuid = {BE9FBC44-BEE4-4C46-9031-47FA2CEBBA90}
	EndGlobalSection
EndGlobal
